{
  "name": "test-package",
  "version": "1.0.0",
  "lockfileVersion": 1,
  "requires": true,
  "dependencies": {
    "rgc-todo-list": {
      "version": "1.0.1",
      "resolved": "https://registry.npmjs.org/rgc-todo-list/-/rgc-todo-list-1.0.1.tgz",
      "integrity": "sha512-+6Vf7ySdGXp3qs/O589s3St40pjIFEh58OPoI8VPd11itZCot32V/LNAWUsSn/P2NyHfjvmDwEzPzcJNcBAtvQ=="
    }
  }
}
